
Microsoft Visual Studio Solution File, Format Version 12.00
# Visual Studio Version 17
VisualStudioVersion = 17.13.35825.156
MinimumVisualStudioVersion = 10.0.40219.1
Project("{FAE04EC0-301F-11D3-BF4B-00C04F79EFBC}") = "SansPost", "SansPost\SansPost.csproj", "{85BABE9B-3626-4FD5-AC9A-CE046E44BA96}"
EndProject
Project("{FAE04EC0-301F-11D3-BF4B-00C04F79EFBC}") = "SansPost.Tests", "SansPost.Tests\SansPost.Tests.csproj", "{8B8D54B3-FA4A-4D6C-9F5A-CFA7CB068ECE}"
EndProject
Project("{FAE04EC0-301F-11D3-BF4B-00C04F79EFBC}") = "SansPost.E2E", "SansPost.E2E\SansPost.E2E.csproj", "{BA771CCF-1287-4908-BBD3-819DE526B349}"
EndProject
Project("{F2A71F9B-5D33-465A-A702-920D77279786}") = "SansPost.Game.Core", "SansPost.Game.Core\SansPost.Game.Core.fsproj", "{C02115B1-3355-438B-9221-F87A8A99CA0E}"
EndProject
Project("{F2A71F9B-5D33-465A-A702-920D77279786}") = "SansPost.Game.Core.Tests", "SansPost.Game.Core.Tests\SansPost.Game.Core.Tests.fsproj", "{050FBDC2-E5F4-48DB-B93E-25E40D7A3D11}"
EndProject
Global
	GlobalSection(SolutionConfigurationPlatforms) = preSolution
		Debug|Any CPU = Debug|Any CPU
		Debug|x64 = Debug|x64
		Debug|x86 = Debug|x86
		Release|Any CPU = Release|Any CPU
		Release|x64 = Release|x64
		Release|x86 = Release|x86
	EndGlobalSection
	GlobalSection(ProjectConfigurationPlatforms) = postSolution
		{85BABE9B-3626-4FD5-AC9A-CE046E44BA96}.Debug|Any CPU.ActiveCfg = Debug|Any CPU
		{85BABE9B-3626-4FD5-AC9A-CE046E44BA96}.Debug|Any CPU.Build.0 = Debug|Any CPU
		{85BABE9B-3626-4FD5-AC9A-CE046E44BA96}.Debug|x64.ActiveCfg = Debug|Any CPU
		{85BABE9B-3626-4FD5-AC9A-CE046E44BA96}.Debug|x64.Build.0 = Debug|Any CPU
		{85BABE9B-3626-4FD5-AC9A-CE046E44BA96}.Debug|x86.ActiveCfg = Debug|Any CPU
		{85BABE9B-3626-4FD5-AC9A-CE046E44BA96}.Debug|x86.Build.0 = Debug|Any CPU
		{85BABE9B-3626-4FD5-AC9A-CE046E44BA96}.Release|Any CPU.ActiveCfg = Release|Any CPU
		{85BABE9B-3626-4FD5-AC9A-CE046E44BA96}.Release|Any CPU.Build.0 = Release|Any CPU
		{85BABE9B-3626-4FD5-AC9A-CE046E44BA96}.Release|x64.ActiveCfg = Release|Any CPU
		{85BABE9B-3626-4FD5-AC9A-CE046E44BA96}.Release|x64.Build.0 = Release|Any CPU
		{85BABE9B-3626-4FD5-AC9A-CE046E44BA96}.Release|x86.ActiveCfg = Release|Any CPU
		{85BABE9B-3626-4FD5-AC9A-CE046E44BA96}.Release|x86.Build.0 = Release|Any CPU
		{8B8D54B3-FA4A-4D6C-9F5A-CFA7CB068ECE}.Debug|Any CPU.ActiveCfg = Debug|Any CPU
		{8B8D54B3-FA4A-4D6C-9F5A-CFA7CB068ECE}.Debug|Any CPU.Build.0 = Debug|Any CPU
		{8B8D54B3-FA4A-4D6C-9F5A-CFA7CB068ECE}.Debug|x64.ActiveCfg = Debug|Any CPU
		{8B8D54B3-FA4A-4D6C-9F5A-CFA7CB068ECE}.Debug|x64.Build.0 = Debug|Any CPU
		{8B8D54B3-FA4A-4D6C-9F5A-CFA7CB068ECE}.Debug|x86.ActiveCfg = Debug|Any CPU
		{8B8D54B3-FA4A-4D6C-9F5A-CFA7CB068ECE}.Debug|x86.Build.0 = Debug|Any CPU
		{8B8D54B3-FA4A-4D6C-9F5A-CFA7CB068ECE}.Release|Any CPU.ActiveCfg = Release|Any CPU
		{8B8D54B3-FA4A-4D6C-9F5A-CFA7CB068ECE}.Release|Any CPU.Build.0 = Release|Any CPU
		{8B8D54B3-FA4A-4D6C-9F5A-CFA7CB068ECE}.Release|x64.ActiveCfg = Release|Any CPU
		{8B8D54B3-FA4A-4D6C-9F5A-CFA7CB068ECE}.Release|x64.Build.0 = Release|Any CPU
		{8B8D54B3-FA4A-4D6C-9F5A-CFA7CB068ECE}.Release|x86.ActiveCfg = Release|Any CPU
		{8B8D54B3-FA4A-4D6C-9F5A-CFA7CB068ECE}.Release|x86.Build.0 = Release|Any CPU
		{BA771CCF-1287-4908-BBD3-819DE526B349}.Debug|Any CPU.ActiveCfg = Debug|Any CPU
		{BA771CCF-1287-4908-BBD3-819DE526B349}.Debug|Any CPU.Build.0 = Debug|Any CPU
		{BA771CCF-1287-4908-BBD3-819DE526B349}.Debug|x64.ActiveCfg = Debug|Any CPU
		{BA771CCF-1287-4908-BBD3-819DE526B349}.Debug|x64.Build.0 = Debug|Any CPU
		{BA771CCF-1287-4908-BBD3-819DE526B349}.Debug|x86.ActiveCfg = Debug|Any CPU
		{BA771CCF-1287-4908-BBD3-819DE526B349}.Debug|x86.Build.0 = Debug|Any CPU
		{BA771CCF-1287-4908-BBD3-819DE526B349}.Release|Any CPU.ActiveCfg = Release|Any CPU
		{BA771CCF-1287-4908-BBD3-819DE526B349}.Release|Any CPU.Build.0 = Release|Any CPU
		{BA771CCF-1287-4908-BBD3-819DE526B349}.Release|x64.ActiveCfg = Release|Any CPU
		{BA771CCF-1287-4908-BBD3-819DE526B349}.Release|x64.Build.0 = Release|Any CPU
		{BA771CCF-1287-4908-BBD3-819DE526B349}.Release|x86.ActiveCfg = Release|Any CPU
		{BA771CCF-1287-4908-BBD3-819DE526B349}.Release|x86.Build.0 = Release|Any CPU
		{C02115B1-3355-438B-9221-F87A8A99CA0E}.Debug|Any CPU.ActiveCfg = Debug|Any CPU
		{C02115B1-3355-438B-9221-F87A8A99CA0E}.Debug|Any CPU.Build.0 = Debug|Any CPU
		{C02115B1-3355-438B-9221-F87A8A99CA0E}.Debug|x64.ActiveCfg = Debug|Any CPU
		{C02115B1-3355-438B-9221-F87A8A99CA0E}.Debug|x64.Build.0 = Debug|Any CPU
		{C02115B1-3355-438B-9221-F87A8A99CA0E}.Debug|x86.ActiveCfg = Debug|Any CPU
		{C02115B1-3355-438B-9221-F87A8A99CA0E}.Debug|x86.Build.0 = Debug|Any CPU
		{C02115B1-3355-438B-9221-F87A8A99CA0E}.Release|Any CPU.ActiveCfg = Release|Any CPU
		{C02115B1-3355-438B-9221-F87A8A99CA0E}.Release|Any CPU.Build.0 = Release|Any CPU
		{C02115B1-3355-438B-9221-F87A8A99CA0E}.Release|x64.ActiveCfg = Release|Any CPU
		{C02115B1-3355-438B-9221-F87A8A99CA0E}.Release|x64.Build.0 = Release|Any CPU
		{C02115B1-3355-438B-9221-F87A8A99CA0E}.Release|x86.ActiveCfg = Release|Any CPU
		{C02115B1-3355-438B-9221-F87A8A99CA0E}.Release|x86.Build.0 = Release|Any CPU
		{050FBDC2-E5F4-48DB-B93E-25E40D7A3D11}.Debug|Any CPU.ActiveCfg = Debug|Any CPU
		{050FBDC2-E5F4-48DB-B93E-25E40D7A3D11}.Debug|Any CPU.Build.0 = Debug|Any CPU
		{050FBDC2-E5F4-48DB-B93E-25E40D7A3D11}.Debug|x64.ActiveCfg = Debug|Any CPU
		{050FBDC2-E5F4-48DB-B93E-25E40D7A3D11}.Debug|x64.Build.0 = Debug|Any CPU
		{050FBDC2-E5F4-48DB-B93E-25E40D7A3D11}.Debug|x86.ActiveCfg = Debug|Any CPU
		{050FBDC2-E5F4-48DB-B93E-25E40D7A3D11}.Debug|x86.Build.0 = Debug|Any CPU
		{050FBDC2-E5F4-48DB-B93E-25E40D7A3D11}.Release|Any CPU.ActiveCfg = Release|Any CPU
		{050FBDC2-E5F4-48DB-B93E-25E40D7A3D11}.Release|Any CPU.Build.0 = Release|Any CPU
		{050FBDC2-E5F4-48DB-B93E-25E40D7A3D11}.Release|x64.ActiveCfg = Release|Any CPU
		{050FBDC2-E5F4-48DB-B93E-25E40D7A3D11}.Release|x64.Build.0 = Release|Any CPU
		{050FBDC2-E5F4-48DB-B93E-25E40D7A3D11}.Release|x86.ActiveCfg = Release|Any CPU
		{050FBDC2-E5F4-48DB-B93E-25E40D7A3D11}.Release|x86.Build.0 = Release|Any CPU
	EndGlobalSection
	GlobalSection(SolutionProperties) = preSolution
		HideSolutionNode = FALSE
	EndGlobalSection
	GlobalSection(ExtensibilityGlobals) = postSolution
		SolutionGuid = {111D42B1-3FE9-4D6B-ABC5-15F38369B30E}
	EndGlobalSection
EndGlobal
